
Microsoft Visual Studio Solution File, Format Version 12.00
# Visual Studio Version 17
VisualStudioVersion = 17.8.34330.188
MinimumVisualStudioVersion = 10.0.40219.1
Project("{2150E333-8FDC-42A3-9474-1A3956D46DE8}") = "Src", "Src", "{212928BB-F94F-49C6-96CC-31CDBFC4F198}"
EndProject
Project("{FAE04EC0-301F-11D3-BF4B-00C04F79EFBC}") = "Mitra.API", "Mitra.API\Mitra.API.csproj", "{8EBF7C71-7534-46D3-A266-3BF5D75AAA85}"
EndProject
Project("{FAE04EC0-301F-11D3-BF4B-00C04F79EFBC}") = "Mitra.Domain", "Mitra.Domain\Mitra.Domain.csproj", "{BC6E9A82-5D98-4760-87A2-1E3AE02A5029}"
EndProject
Project("{FAE04EC0-301F-11D3-BF4B-00C04F79EFBC}") = "Mitra.Services", "Mitra.Services\Mitra.Services.csproj", "{E22AF5B2-73C3-4BBA-A1A0-821EDE651723}"
EndProject
Global
	GlobalSection(SolutionConfigurationPlatforms) = preSolution
		Debug|Any CPU = Debug|Any CPU
		Release|Any CPU = Release|Any CPU
	EndGlobalSection
	GlobalSection(ProjectConfigurationPlatforms) = postSolution
		{8EBF7C71-7534-46D3-A266-3BF5D75AAA85}.Debug|Any CPU.ActiveCfg = Debug|Any CPU
		{8EBF7C71-7534-46D3-A266-3BF5D75AAA85}.Debug|Any CPU.Build.0 = Debug|Any CPU
		{8EBF7C71-7534-46D3-A266-3BF5D75AAA85}.Release|Any CPU.ActiveCfg = Release|Any CPU
		{8EBF7C71-7534-46D3-A266-3BF5D75AAA85}.Release|Any CPU.Build.0 = Release|Any CPU
		{BC6E9A82-5D98-4760-87A2-1E3AE02A5029}.Debug|Any CPU.ActiveCfg = Debug|Any CPU
		{BC6E9A82-5D98-4760-87A2-1E3AE02A5029}.Debug|Any CPU.Build.0 = Debug|Any CPU
		{BC6E9A82-5D98-4760-87A2-1E3AE02A5029}.Release|Any CPU.ActiveCfg = Release|Any CPU
		{BC6E9A82-5D98-4760-87A2-1E3AE02A5029}.Release|Any CPU.Build.0 = Release|Any CPU
		{E22AF5B2-73C3-4BBA-A1A0-821EDE651723}.Debug|Any CPU.ActiveCfg = Debug|Any CPU
		{E22AF5B2-73C3-4BBA-A1A0-821EDE651723}.Debug|Any CPU.Build.0 = Debug|Any CPU
		{E22AF5B2-73C3-4BBA-A1A0-821EDE651723}.Release|Any CPU.ActiveCfg = Release|Any CPU
		{E22AF5B2-73C3-4BBA-A1A0-821EDE651723}.Release|Any CPU.Build.0 = Release|Any CPU
	EndGlobalSection
	GlobalSection(SolutionProperties) = preSolution
		HideSolutionNode = FALSE
	EndGlobalSection
	GlobalSection(NestedProjects) = preSolution
		{8EBF7C71-7534-46D3-A266-3BF5D75AAA85} = {212928BB-F94F-49C6-96CC-31CDBFC4F198}
		{BC6E9A82-5D98-4760-87A2-1E3AE02A5029} = {212928BB-F94F-49C6-96CC-31CDBFC4F198}
		{E22AF5B2-73C3-4BBA-A1A0-821EDE651723} = {212928BB-F94F-49C6-96CC-31CDBFC4F198}
	EndGlobalSection
	GlobalSection(ExtensibilityGlobals) = postSolution
		SolutionGuid = {60354DA7-6EFF-4108-95A8-F598AE33E033}
	EndGlobalSection
EndGlobal
